<?xml version="1.0" encoding="utf-8"?>
<Project ToolsVersion="4.0" xmlns="http://schemas.microsoft.com/developer/msbuild/2003">
  <ItemGroup>
    <Filter Include="Header Files">
      <UniqueIdentifier>{8fe081ab-a472-4a00-aacd-1c3dca51ebf9}</UniqueIdentifier>
    </Filter>
    <Filter Include="Header Files\UI">
      <UniqueIdentifier>{f2df6758-7ebb-4960-9dff-d58088846155}</UniqueIdentifier>
    </Filter>
    <Filter Include="Header Files\Helper">
      <UniqueIdentifier>{4e88f8ca-a474-4652-bc28-561f7ce6dd51}</UniqueIdentifier>
    </Filter>
    <Filter Include="Header Files\Entity">
      <UniqueIdentifier>{03a594d7-2e0e-4783-bfd8-96be47af66d8}</UniqueIdentifier>
    </Filter>
    <Filter Include="Header Files\Business">
      <UniqueIdentifier>{08bb7a37-caf9-4310-b362-259b31365989}</UniqueIdentifier>
    </Filter>
    <Filter Include="Resource Files">
      <UniqueIdentifier>{d7c4da4c-a108-4fa8-82c2-ce338b8bb4de}</UniqueIdentifier>
    </Filter>
    <Filter Include="Source Files">
      <UniqueIdentifier>{6dfedaa4-ab32-4597-b7ba-f215d6f2f557}</UniqueIdentifier>
    </Filter>
    <Filter Include="Source Files\Business">
      <UniqueIdentifier>{2e280054-d2a7-45a0-a715-97942906883f}</UniqueIdentifier>
    </Filter>
    <Filter Include="Source Files\Entity">
      <UniqueIdentifier>{ae9fb5cc-f956-4cf8-90c4-b285de6a3003}</UniqueIdentifier>
    </Filter>
    <Filter Include="Source Files\UI">
      <UniqueIdentifier>{98227e2a-d1a9-4f26-a517-6a80f09ce3f1}</UniqueIdentifier>
    </Filter>
    <Filter Include="Source Files\Helper">
      <UniqueIdentifier>{0a702da7-dff8-4502-b507-aefb1974a298}</UniqueIdentifier>
    </Filter>
  </ItemGroup>
  <ItemGroup>
    <ClInclude Include="Object.h">
      <Filter>Header Files\Entity</Filter>
    </ClInclude>
    <ClInclude Include="Utils.h">
      <Filter>Header Files\Helper</Filter>
    </ClInclude>
    <ClInclude Include="Employee.h">
      <Filter>Header Files\Entity</Filter>
    </ClInclude>
    <ClInclude Include="Manager.h">
      <Filter>Header Files\Entity</Filter>
    </ClInclude>
    <ClInclude Include="ProductEmployee.h">
      <Filter>Header Files\Entity</Filter>
    </ClInclude>
    <ClInclude Include="DailyEmployee.h">
      <Filter>Header Files\Entity</Filter>
    </ClInclude>
    <ClInclude Include="IParsable.h">
      <Filter>Header Files\Business</Filter>
    </ClInclude>
    <ClInclude Include="IValueConverter.h">
      <Filter>Header Files\UI</Filter>
    </ClInclude>
    <ClInclude Include="IntegerToCurrencyConverter.h">
      <Filter>Header Files\UI</Filter>
    </ClInclude>
    <ClInclude Include="Integer.h">
      <Filter>Header Files\Entity</Filter>
    </ClInclude>
    <ClInclude Include="NumberFormatInfo.h">
      <Filter>Header Files\Entity</Filter>
    </ClInclude>
    <ClInclude Include="DailyEmployeeParser.h">
      <Filter>Header Files\Business</Filter>
    </ClInclude>
    <ClInclude Include="ProductEmployeeParser.h">
      <Filter>Header Files\Business</Filter>
    </ClInclude>
    <ClInclude Include="ManagerParser.h">
      <Filter>Header Files\Business</Filter>
    </ClInclude>
    <ClInclude Include="ParserFactory.h">
      <Filter>Header Files\Business</Filter>
    </ClInclude>
    <ClInclude Include="Singleton.h">
      <Filter>Header Files\Business</Filter>
    </ClInclude>
  </ItemGroup>
  <ItemGroup>
    <ClCompile Include="Program.cpp">
      <Filter>Source Files</Filter>
    </ClCompile>
    <ClCompile Include="Manager.cpp">
      <Filter>Source Files\Entity</Filter>
    </ClCompile>
    <ClCompile Include="ProductEmployee.cpp">
      <Filter>Source Files\Entity</Filter>
    </ClCompile>
    <ClCompile Include="DailyEmployee.cpp">
      <Filter>Source Files\Entity</Filter>
    </ClCompile>
    <ClCompile Include="IntegerToCurrencyConverter.cpp">
      <Filter>Source Files\UI</Filter>
    </ClCompile>
    <ClCompile Include="Integer.cpp">
      <Filter>Source Files\Entity</Filter>
    </ClCompile>
    <ClCompile Include="NumberFormatInfo.cpp">
      <Filter>Source Files\Entity</Filter>
    </ClCompile>
    <ClCompile Include="DailyEmployeeParser.cpp">
      <Filter>Source Files\Business</Filter>
    </ClCompile>
    <ClCompile Include="ProductEmployeeParser.cpp">
      <Filter>Source Files\Business</Filter>
    </ClCompile>
    <ClCompile Include="ManagerParser.cpp">
      <Filter>Source Files\Business</Filter>
    </ClCompile>
    <ClCompile Include="ParserFactory.cpp">
      <Filter>Source Files\Business</Filter>
    </ClCompile>
    <ClCompile Include="Utils.cpp">
      <Filter>Source Files\Helper</Filter>
    </ClCompile>
    <ClCompile Include="Singleton.cpp">
      <Filter>Source Files\Business</Filter>
    </ClCompile>
  </ItemGroup>
</Project>