<?xml version="1.0" encoding="utf-8"?>
<Project ToolsVersion="4.0" xmlns="http://schemas.microsoft.com/developer/msbuild/2003">
  <ItemGroup>
    <Filter Include="Source Files">
      <UniqueIdentifier>{4FC737F1-C7A5-4376-A066-2A32D752A2FF}</UniqueIdentifier>
      <Extensions>cpp;c;cc;cxx;c++;cppm;ixx;def;odl;idl;hpj;bat;asm;asmx</Extensions>
    </Filter>
    <Filter Include="Header Files">
      <UniqueIdentifier>{93995380-89BD-4b04-88EB-625FBE52EBFB}</UniqueIdentifier>
      <Extensions>h;hh;hpp;hxx;h++;hm;inl;inc;ipp;xsd</Extensions>
    </Filter>
    <Filter Include="Resource Files">
      <UniqueIdentifier>{67DA6AB6-F800-4c08-8B7A-83BB121AAD01}</UniqueIdentifier>
      <Extensions>rc;ico;cur;bmp;dlg;rc2;rct;bin;rgs;gif;jpg;jpeg;jpe;resx;tiff;tif;png;wav;mfcribbon-ms</Extensions>
    </Filter>
    <Filter Include="Header Files\Helper">
      <UniqueIdentifier>{cadefb75-1aa2-4233-a0a4-c0e04586779b}</UniqueIdentifier>
    </Filter>
    <Filter Include="Source Files\Helper">
      <UniqueIdentifier>{06ddf254-5213-4841-a64a-65a38c50d9b3}</UniqueIdentifier>
    </Filter>
    <Filter Include="Header Files\Business">
      <UniqueIdentifier>{844547ee-9eff-4dab-bc7c-a699b30856db}</UniqueIdentifier>
    </Filter>
    <Filter Include="Source Files\Business">
      <UniqueIdentifier>{3c14429b-35de-4948-a43b-e62c9879ea14}</UniqueIdentifier>
    </Filter>
    <Filter Include="Header Files\Entity">
      <UniqueIdentifier>{195b1ba6-a849-4daa-8cf2-6498274bb96a}</UniqueIdentifier>
    </Filter>
    <Filter Include="Source Files\Entity">
      <UniqueIdentifier>{9dffa16e-ffa6-492f-8331-fdafb3fa094e}</UniqueIdentifier>
    </Filter>
    <Filter Include="Source Files\UI">
      <UniqueIdentifier>{33b3ee90-6bde-4843-961f-8cf173c5bdfa}</UniqueIdentifier>
    </Filter>
    <Filter Include="Header Files\UI">
      <UniqueIdentifier>{d202332a-3392-422d-a420-2996f1f95946}</UniqueIdentifier>
    </Filter>
  </ItemGroup>
  <ItemGroup>
    <ClCompile Include="Program.cpp">
      <Filter>Source Files</Filter>
    </ClCompile>
    <ClCompile Include="Utils.cpp">
      <Filter>Source Files\Helper</Filter>
    </ClCompile>
    <ClCompile Include="Singleton.cpp">
      <Filter>Source Files\Business</Filter>
    </ClCompile>
    <ClCompile Include="ParserFactory.cpp">
      <Filter>Source Files\Business</Filter>
    </ClCompile>
    <ClCompile Include="Integer.cpp">
      <Filter>Source Files\Entity</Filter>
    </ClCompile>
    <ClCompile Include="NumberFormatInfo.cpp">
      <Filter>Source Files\Entity</Filter>
    </ClCompile>
    <ClCompile Include="Booth.cpp">
      <Filter>Source Files\Entity</Filter>
    </ClCompile>
    <ClCompile Include="FoodBooth.cpp">
      <Filter>Source Files\Entity</Filter>
    </ClCompile>
    <ClCompile Include="ClothesBooth.cpp">
      <Filter>Source Files\Entity</Filter>
    </ClCompile>
    <ClCompile Include="JewelryBooth.cpp">
      <Filter>Source Files\Entity</Filter>
    </ClCompile>
    <ClCompile Include="FoodBoothParser.cpp">
      <Filter>Source Files\Business</Filter>
    </ClCompile>
    <ClCompile Include="ClothesBoothParser.cpp">
      <Filter>Source Files\Business</Filter>
    </ClCompile>
    <ClCompile Include="JewelryBoothParser.cpp">
      <Filter>Source Files\Business</Filter>
    </ClCompile>
    <ClCompile Include="IntegerToCurrencyConverter.h">
      <Filter>Header Files\UI</Filter>
    </ClCompile>
    <ClCompile Include="IntegerToCurrencyConverter.cpp">
      <Filter>Source Files\UI</Filter>
    </ClCompile>
    <ClCompile Include="BoothToTableConverter.cpp">
      <Filter>Source Files\UI</Filter>
    </ClCompile>
  </ItemGroup>
  <ItemGroup>
    <Text Include="RentMay24.txt" />
  </ItemGroup>
  <ItemGroup>
    <ClInclude Include="Utils.h">
      <Filter>Header Files\Helper</Filter>
    </ClInclude>
    <ClInclude Include="IParsable.h">
      <Filter>Header Files\Business</Filter>
    </ClInclude>
    <ClInclude Include="Object.h">
      <Filter>Header Files\Entity</Filter>
    </ClInclude>
    <ClInclude Include="ParserFactory.h">
      <Filter>Header Files\Business</Filter>
    </ClInclude>
    <ClInclude Include="Singleton.h">
      <Filter>Header Files\Business</Filter>
    </ClInclude>
    <ClInclude Include="Integer.h">
      <Filter>Header Files\Entity</Filter>
    </ClInclude>
    <ClInclude Include="NumberFormatInfo.h">
      <Filter>Header Files\Entity</Filter>
    </ClInclude>
    <ClInclude Include="Booth.h">
      <Filter>Header Files\Entity</Filter>
    </ClInclude>
    <ClInclude Include="FoodBooth.h">
      <Filter>Header Files\Entity</Filter>
    </ClInclude>
    <ClInclude Include="ClothesBooth.h">
      <Filter>Header Files\Entity</Filter>
    </ClInclude>
    <ClInclude Include="JewelryBotth.h">
      <Filter>Header Files\Entity</Filter>
    </ClInclude>
    <ClInclude Include="FoodBoothParser.h">
      <Filter>Header Files\Business</Filter>
    </ClInclude>
    <ClInclude Include="ClothesBoothParser.h">
      <Filter>Header Files\Business</Filter>
    </ClInclude>
    <ClInclude Include="JewelryBoothParser.h">
      <Filter>Header Files\Business</Filter>
    </ClInclude>
    <ClInclude Include="IValueConverter.h">
      <Filter>Header Files\UI</Filter>
    </ClInclude>
    <ClInclude Include="BoothToTableConverter.h">
      <Filter>Header Files\UI</Filter>
    </ClInclude>
  </ItemGroup>
</Project>