<?xml version="1.0" encoding="utf-8"?>
<Project ToolsVersion="4.0" xmlns="http://schemas.microsoft.com/developer/msbuild/2003">
  <ItemGroup>
    <Filter Include="Source Files">
      <UniqueIdentifier>{4FC737F1-C7A5-4376-A066-2A32D752A2FF}</UniqueIdentifier>
      <Extensions>cpp;c;cc;cxx;c++;cppm;ixx;def;odl;idl;hpj;bat;asm;asmx</Extensions>
    </Filter>
    <Filter Include="Header Files">
      <UniqueIdentifier>{93995380-89BD-4b04-88EB-625FBE52EBFB}</UniqueIdentifier>
      <Extensions>h;hh;hpp;hxx;h++;hm;inl;inc;ipp;xsd</Extensions>
    </Filter>
    <Filter Include="Resource Files">
      <UniqueIdentifier>{67DA6AB6-F800-4c08-8B7A-83BB121AAD01}</UniqueIdentifier>
      <Extensions>rc;ico;cur;bmp;dlg;rc2;rct;bin;rgs;gif;jpg;jpeg;jpe;resx;tiff;tif;png;wav;mfcribbon-ms</Extensions>
    </Filter>
    <Filter Include="Header Files\Helper">
      <UniqueIdentifier>{109df816-f884-4ac0-b717-aafc9a339c19}</UniqueIdentifier>
    </Filter>
    <Filter Include="Header Files\Entity">
      <UniqueIdentifier>{e2cf16b2-0a41-48eb-bb6f-dc4ef0d1877c}</UniqueIdentifier>
    </Filter>
    <Filter Include="Header Files\Business">
      <UniqueIdentifier>{1b541929-084e-4d89-bb4f-d0e4c14a8836}</UniqueIdentifier>
    </Filter>
    <Filter Include="Header Files\UI">
      <UniqueIdentifier>{64b4adb1-a953-43fa-aa83-11e87755288f}</UniqueIdentifier>
    </Filter>
    <Filter Include="Source Files\Helper">
      <UniqueIdentifier>{d254dca8-19e4-410b-9545-654bd8770cb9}</UniqueIdentifier>
    </Filter>
    <Filter Include="Source Files\Entity">
      <UniqueIdentifier>{9da44c79-0e79-45b4-9a67-c76ae5d02048}</UniqueIdentifier>
    </Filter>
    <Filter Include="Source Files\Business">
      <UniqueIdentifier>{667c9981-5328-4c1c-b98d-a160a8a1ecaf}</UniqueIdentifier>
    </Filter>
    <Filter Include="Source Files\UI">
      <UniqueIdentifier>{c1bd29ad-97a6-4fdd-9d16-02cdc392c6c9}</UniqueIdentifier>
    </Filter>
  </ItemGroup>
  <ItemGroup>
    <Text Include="MayProposals.txt" />
  </ItemGroup>
  <ItemGroup>
    <ClCompile Include="Program.cpp">
      <Filter>Source Files</Filter>
    </ClCompile>
    <ClCompile Include="Utils.cpp">
      <Filter>Source Files\Helper</Filter>
    </ClCompile>
    <ClCompile Include="IdeaProject.cpp">
      <Filter>Source Files\Entity</Filter>
    </ClCompile>
    <ClCompile Include="Project.cpp">
      <Filter>Source Files\Entity</Filter>
    </ClCompile>
    <ClCompile Include="MVPProject.cpp">
      <Filter>Source Files\Entity</Filter>
    </ClCompile>
    <ClCompile Include="IdeaProjectParser.cpp">
      <Filter>Source Files\Business</Filter>
    </ClCompile>
    <ClCompile Include="MVPProjectParser.cpp">
      <Filter>Source Files\Business</Filter>
    </ClCompile>
    <ClCompile Include="ParserFactory.cpp">
      <Filter>Source Files\Business</Filter>
    </ClCompile>
    <ClCompile Include="Singleton.cpp">
      <Filter>Source Files\Business</Filter>
    </ClCompile>
    <ClCompile Include="IntegerToCurrencyConverter.cpp">
      <Filter>Source Files\UI</Filter>
    </ClCompile>
    <ClCompile Include="NumberFormatInfo.cpp">
      <Filter>Source Files\Entity</Filter>
    </ClCompile>
    <ClCompile Include="Integer.cpp">
      <Filter>Source Files\Entity</Filter>
    </ClCompile>
    <ClCompile Include="ProjectToTableConverter.cpp">
      <Filter>Source Files\UI</Filter>
    </ClCompile>
  </ItemGroup>
  <ItemGroup>
    <ClInclude Include="Object.h">
      <Filter>Header Files\Entity</Filter>
    </ClInclude>
    <ClInclude Include="Utils.h">
      <Filter>Header Files\Helper</Filter>
    </ClInclude>
    <ClInclude Include="Project.h">
      <Filter>Header Files\Entity</Filter>
    </ClInclude>
    <ClInclude Include="IdeaProject.h">
      <Filter>Header Files\Entity</Filter>
    </ClInclude>
    <ClInclude Include="MVPProject.h">
      <Filter>Header Files\Entity</Filter>
    </ClInclude>
    <ClInclude Include="IParsable.h">
      <Filter>Header Files\Business</Filter>
    </ClInclude>
    <ClInclude Include="Singleton.h">
      <Filter>Header Files\Business</Filter>
    </ClInclude>
    <ClInclude Include="IdeaProjectParser.h">
      <Filter>Header Files\Business</Filter>
    </ClInclude>
    <ClInclude Include="MVPProjectParser.h">
      <Filter>Header Files\Business</Filter>
    </ClInclude>
    <ClInclude Include="ParserFactory.h">
      <Filter>Header Files\Business</Filter>
    </ClInclude>
    <ClInclude Include="IValueConverter.h">
      <Filter>Header Files\UI</Filter>
    </ClInclude>
    <ClInclude Include="IntegerToCurrencyConverter.h">
      <Filter>Header Files\UI</Filter>
    </ClInclude>
    <ClInclude Include="NumberFormatInfo.h">
      <Filter>Header Files\Entity</Filter>
    </ClInclude>
    <ClInclude Include="Integer.h">
      <Filter>Header Files\Entity</Filter>
    </ClInclude>
    <ClInclude Include="ProjectToTableConverter.h">
      <Filter>Header Files\UI</Filter>
    </ClInclude>
  </ItemGroup>
</Project>